
Microsoft Visual Studio Solution File, Format Version 12.00
# Visual Studio Version 16
VisualStudioVersion = 16.0.30621.155
MinimumVisualStudioVersion = 10.0.40219.1
Project("{FAE04EC0-301F-11D3-BF4B-00C04F79EFBC}") = "FrontEnd", "FrontEnd\FrontEnd.csproj", "{FE250077-BBC3-4410-90CF-999B41F991AD}"
EndProject
Global
	GlobalSection(SolutionConfigurationPlatforms) = preSolution
		Debug|Any CPU = Debug|Any CPU
		Release|Any CPU = Release|Any CPU
	EndGlobalSection
	GlobalSection(ProjectConfigurationPlatforms) = postSolution
		{FE250077-BBC3-4410-90CF-999B41F991AD}.Debug|Any CPU.ActiveCfg = Debug|Any CPU
		{FE250077-BBC3-4410-90CF-999B41F991AD}.Debug|Any CPU.Build.0 = Debug|Any CPU
		{FE250077-BBC3-4410-90CF-999B41F991AD}.Release|Any CPU.ActiveCfg = Release|Any CPU
		{FE250077-BBC3-4410-90CF-999B41F991AD}.Release|Any CPU.Build.0 = Release|Any CPU
	EndGlobalSection
	GlobalSection(SolutionProperties) = preSolution
		HideSolutionNode = FALSE
	EndGlobalSection
	GlobalSection(ExtensibilityGlobals) = postSolution
		SolutionGuid = {C919A022-C7EA-4A9F-B548-4F3FD9E67DED}
	EndGlobalSection
EndGlobal
